
Microsoft Visual Studio Solution File, Format Version 12.00
# Visual Studio Version 17
VisualStudioVersion = 17.4.33122.133
MinimumVisualStudioVersion = 10.0.40219.1
Project("{FAE04EC0-301F-11D3-BF4B-00C04F79EFBC}") = "Exception Handling Assignment", "Exception Handling Assignment\Exception Handling Assignment.csproj", "{86983B50-9D5D-40FC-8977-5781061E3959}"
EndProject
Global
	GlobalSection(SolutionConfigurationPlatforms) = preSolution
		Debug|Any CPU = Debug|Any CPU
		Release|Any CPU = Release|Any CPU
	EndGlobalSection
	GlobalSection(ProjectConfigurationPlatforms) = postSolution
		{86983B50-9D5D-40FC-8977-5781061E3959}.Debug|Any CPU.ActiveCfg = Debug|Any CPU
		{86983B50-9D5D-40FC-8977-5781061E3959}.Debug|Any CPU.Build.0 = Debug|Any CPU
		{86983B50-9D5D-40FC-8977-5781061E3959}.Release|Any CPU.ActiveCfg = Release|Any CPU
		{86983B50-9D5D-40FC-8977-5781061E3959}.Release|Any CPU.Build.0 = Release|Any CPU
	EndGlobalSection
	GlobalSection(SolutionProperties) = preSolution
		HideSolutionNode = FALSE
	EndGlobalSection
	GlobalSection(ExtensibilityGlobals) = postSolution
		SolutionGuid = {CFD2E7BA-072A-4CB0-80D4-66B4353FD6CC}
	EndGlobalSection
EndGlobal
