
Microsoft Visual Studio Solution File, Format Version 12.00
# Visual Studio Version 16
VisualStudioVersion = 16.0.32428.217
MinimumVisualStudioVersion = 10.0.40219.1
Project("{FAE04EC0-301F-11D3-BF4B-00C04F79EFBC}") = "Math Operation Assignment", "Math Operation Assignment\Math Operation Assignment.csproj", "{D18316EE-B4F0-46FF-96B5-3617C54C5FD5}"
EndProject
Global
	GlobalSection(SolutionConfigurationPlatforms) = preSolution
		Debug|Any CPU = Debug|Any CPU
		Release|Any CPU = Release|Any CPU
	EndGlobalSection
	GlobalSection(ProjectConfigurationPlatforms) = postSolution
		{D18316EE-B4F0-46FF-96B5-3617C54C5FD5}.Debug|Any CPU.ActiveCfg = Debug|Any CPU
		{D18316EE-B4F0-46FF-96B5-3617C54C5FD5}.Debug|Any CPU.Build.0 = Debug|Any CPU
		{D18316EE-B4F0-46FF-96B5-3617C54C5FD5}.Release|Any CPU.ActiveCfg = Release|Any CPU
		{D18316EE-B4F0-46FF-96B5-3617C54C5FD5}.Release|Any CPU.Build.0 = Release|Any CPU
	EndGlobalSection
	GlobalSection(SolutionProperties) = preSolution
		HideSolutionNode = FALSE
	EndGlobalSection
	GlobalSection(ExtensibilityGlobals) = postSolution
		SolutionGuid = {714B94A8-D9A6-4E1D-A35E-C10BF57C8DD8}
	EndGlobalSection
EndGlobal
