
Microsoft Visual Studio Solution File, Format Version 12.00
# Visual Studio Version 17
VisualStudioVersion = 17.4.33122.133
MinimumVisualStudioVersion = 10.0.40219.1
Project("{FAE04EC0-301F-11D3-BF4B-00C04F79EFBC}") = "Exception Assignment", "Exception Assignment\Exception Assignment.csproj", "{09602604-049F-4C66-A9E7-311DEA119978}"
EndProject
Global
	GlobalSection(SolutionConfigurationPlatforms) = preSolution
		Debug|Any CPU = Debug|Any CPU
		Release|Any CPU = Release|Any CPU
	EndGlobalSection
	GlobalSection(ProjectConfigurationPlatforms) = postSolution
		{09602604-049F-4C66-A9E7-311DEA119978}.Debug|Any CPU.ActiveCfg = Debug|Any CPU
		{09602604-049F-4C66-A9E7-311DEA119978}.Debug|Any CPU.Build.0 = Debug|Any CPU
		{09602604-049F-4C66-A9E7-311DEA119978}.Release|Any CPU.ActiveCfg = Release|Any CPU
		{09602604-049F-4C66-A9E7-311DEA119978}.Release|Any CPU.Build.0 = Release|Any CPU
	EndGlobalSection
	GlobalSection(SolutionProperties) = preSolution
		HideSolutionNode = FALSE
	EndGlobalSection
	GlobalSection(ExtensibilityGlobals) = postSolution
		SolutionGuid = {43FA5CD6-63AB-4CB7-ADB8-BF5ED5B51447}
	EndGlobalSection
EndGlobal
