
Microsoft Visual Studio Solution File, Format Version 12.00
# Visual Studio Version 17
VisualStudioVersion = 17.4.33122.133
MinimumVisualStudioVersion = 10.0.40219.1
Project("{FAE04EC0-301F-11D3-BF4B-00C04F79EFBC}") = "Interfaces Assignment", "Interfaces Assignment\Interfaces Assignment.csproj", "{2F6D7AE8-9121-4CF5-B768-3B27A6B9EACB}"
EndProject
Global
	GlobalSection(SolutionConfigurationPlatforms) = preSolution
		Debug|Any CPU = Debug|Any CPU
		Release|Any CPU = Release|Any CPU
	EndGlobalSection
	GlobalSection(ProjectConfigurationPlatforms) = postSolution
		{2F6D7AE8-9121-4CF5-B768-3B27A6B9EACB}.Debug|Any CPU.ActiveCfg = Debug|Any CPU
		{2F6D7AE8-9121-4CF5-B768-3B27A6B9EACB}.Debug|Any CPU.Build.0 = Debug|Any CPU
		{2F6D7AE8-9121-4CF5-B768-3B27A6B9EACB}.Release|Any CPU.ActiveCfg = Release|Any CPU
		{2F6D7AE8-9121-4CF5-B768-3B27A6B9EACB}.Release|Any CPU.Build.0 = Release|Any CPU
	EndGlobalSection
	GlobalSection(SolutionProperties) = preSolution
		HideSolutionNode = FALSE
	EndGlobalSection
	GlobalSection(ExtensibilityGlobals) = postSolution
		SolutionGuid = {80DBDC02-E001-46DF-B93B-B53473FF4F37}
	EndGlobalSection
EndGlobal
